# THIS IS AN AUTOGENERATED FILE. DO NOT EDIT THIS FILE DIRECTLY.
# yarn lockfile v1


"@algolia/abtesting@1.23.0":
  version "1.23.0"
  resolved "https://registry.yarnpkg.com/@algolia/abtesting/-/abtesting-1.23.0.tgz#810a23366284c4d3f3496e3f8fa7f1a24ec47206"
  integrity sha512-j45MBISstltys9QyQ4xf6quRiN1g7vMuwQL9VM4dx8YuRZvCQ173b9royZAx6iAbRX3IB1VnG1z//NuwyQ8jpQ==
  dependencies:
    "@algolia/client-common" "5.57.0"
    "@algolia/requester-browser-xhr" "5.57.0"
    "@algolia/requester-fetch" "5.57.0"
    "@algolia/requester-node-http" "5.57.0"

"@algolia/client-abtesting@5.57.0":
  version "5.57.0"
  resolved "https://registry.yarnpkg.com/@algolia/client-abtesting/-/client-abtesting-5.57.0.tgz#dbd3f01148bdf2648133563021671e3d3628e4d4"
  integrity sha512-JVFFujiZUCguk5tz3LZr4fTQxqpIrj4/Jw3SI7kMljSqtfLxYn/s/TWH0J2s4iNfsDpxPhgFGMotCpmDI4kZ8w==
  dependencies:
    "@algolia/client-common" "5.57.0"
    "@algolia/requester-browser-xhr" "5.57.0"
    "@algolia/requester-fetch" "5.57.0"
    "@algolia/requester-node-http" "5.57.0"

"@algolia/client-analytics@5.57.0":
  version "5.57.0"
  resolved "https://registry.yarnpkg.com/@algolia/client-analytics/-/client-analytics-5.57.0.tgz#e172c6ec3cdc7bfc5d305ba6190161cd9dfd3d1d"
  integrity sha512-6KqECK4ED3JJQEoDrQWnGPQzElA828xAD4qK5ceawNNyP/LcSvzAoLHjFkoTPksZ/kxj6VUtCRH+IHZesLltng==
  dependencies:
    "@algolia/client-common" "5.57.0"
    "@algolia/requester-browser-xhr" "5.57.0"
    "@algolia/requester-fetch" "5.57.0"
    "@algolia/requester-node-http" "5.57.0"

"@algolia/client-common@5.57.0":
  version "5.57.0"
  resolved "https://registry.yarnpkg.com/@algolia/client-common/-/client-common-5.57.0.tgz#e41ddfd7b2428c882077fb27e9bd44921fe8dc85"
  integrity sha512-uqpGF3oXYsoCbQq5d7BzNrNTfIfuvJyGP1CKvSW27T9boUg7KOwyxsAw1AX0a3jSW2HrYEJ/NN+Z4MiGivbpeQ==

"@algolia/client-insights@5.57.0":
  version "5.57.0"
  resolved "https://registry.yarnpkg.com/@algolia/client-insights/-/client-insights-5.57.0.tgz#8bd281560f2d2a0b09d2c22a3ff8522c6fcb0e80"
  integrity sha512-u5NboJVJXDEFplvNnqqX4CxkXPYysjJRj47hOSh9329H8kG5gFLKJBIiS5utMQ+GZm8xQl3Te7NInDk6elEADQ==
  dependencies:
    "@algolia/client-common" "5.57.0"
    "@algolia/requester-browser-xhr" "5.57.0"
    "@algolia/requester-fetch" "5.57.0"
    "@algolia/requester-node-http" "5.57.0"

"@algolia/client-personalization@5.57.0":
  version "5.57.0"
  resolved "https://registry.yarnpkg.com/@algolia/client-personalization/-/client-personalization-5.57.0.tgz#31b963e1aad90e270712618476ee1b288f12f8d8"
  integrity sha512-uzc0b2LmHAK9/QID4xeo35OG84AkZl4YewkCqawqAOGLjT2eZpM/OZx45ESygMHG30Ws+ZTSdluPtMJcUnrbWQ==
  dependencies:
    "@algolia/client-common" "5.57.0"
    "@algolia/requester-browser-xhr" "5.57.0"
    "@algolia/requester-fetch" "5.57.0"
    "@algolia/requester-node-http" "5.57.0"

"@algolia/client-query-suggestions@5.57.0":
  version "5.57.0"
  resolved "https://registry.yarnpkg.com/@algolia/client-query-suggestions/-/client-query-suggestions-5.57.0.tgz#16895dc10abf228bd5ed136463273ed262b151b0"
  integrity sha512-dIAhnM6ue/ssa5PjgNfu4g8A4yTojl9ZOUzZU3wIaIKRerL2R/3Emuf9n/D6ICXXP167KC6XCeC7nliSw7cuSw==
  dependencies:
    "@algolia/client-common" "5.57.0"
    "@algolia/requester-browser-xhr" "5.57.0"
    "@algolia/requester-fetch" "5.57.0"
    "@algolia/requester-node-http" "5.57.0"

"@algolia/client-search@5.57.0":
  version "5.57.0"
  resolved "https://registry.yarnpkg.com/@algolia/client-search/-/client-search-5.57.0.tgz#50363185ac641b5712ec5e3e81eba63a64d7e755"
  integrity sha512-2TTPTTKSJmCptvhCm4Xf3bBYMqZni+Pgc2hVdqc4l9wsBpSJNVTVIKpnd10OubUgkGcmppVDj1XQqYaf6EnPSQ==
  dependencies:
    "@algolia/client-common" "5.57.0"
    "@algolia/requester-browser-xhr" "5.57.0"
    "@algolia/requester-fetch" "5.57.0"
    "@algolia/requester-node-http" "5.57.0"

"@algolia/ingestion@1.57.0":
  version "1.57.0"
  resolved "https://registry.yarnpkg.com/@algolia/ingestion/-/ingestion-1.57.0.tgz#0646edeaf3e63942301489fbd77ed9b55234558a"
  integrity sha512-W4JseHKt+pzOxlFV+T3MWEG0h4Z2Se5zjoXUD0ewlw8aOWMG/yjRdopUdLQsXULepB/My2tDuZjkwk2sMfsUrQ==
  dependencies:
    "@algolia/client-common" "5.57.0"
    "@algolia/requester-browser-xhr" "5.57.0"
    "@algolia/requester-fetch" "5.57.0"
    "@algolia/requester-node-http" "5.57.0"

"@algolia/monitoring@1.57.0":
  version "1.57.0"
  resolved "https://registry.yarnpkg.com/@algolia/monitoring/-/monitoring-1.57.0.tgz#a4adacfcb699dcc1a7297942db6655e5a7509ee6"
  integrity sha512-BrxJVE0/eLinEPICCD7BKN/2xnt0nkjge70u8zzE2ISP3fuB3tjLgcwpanUycvlHBFLI4gK0l5ol54p6IYuR/Q==
  dependencies:
    "@algolia/client-common" "5.57.0"
    "@algolia/requester-browser-xhr" "5.57.0"
    "@algolia/requester-fetch" "5.57.0"
    "@algolia/requester-node-http" "5.57.0"

"@algolia/recommend@5.57.0":
  version "5.57.0"
  resolved "https://registry.yarnpkg.com/@algolia/recommend/-/recommend-5.57.0.tgz#d0714fd2dd20c5b90d1c5f7facc3c32136e48218"
  integrity sha512-Gc29jkeiLKlVfHvyrIgyUHHE+aYTdXEeLfK42rjr5/1TTVsYwUJz0XkvoIBIqfMjcDg6gXeHb1jTUZ0H+SYIlQ==
  dependencies:
    "@algolia/client-common" "5.57.0"
    "@algolia/requester-browser-xhr" "5.57.0"
    "@algolia/requester-fetch" "5.57.0"
    "@algolia/requester-node-http" "5.57.0"

"@algolia/requester-browser-xhr@5.57.0":
  version "5.57.0"
  resolved "https://registry.yarnpkg.com/@algolia/requester-browser-xhr/-/requester-browser-xhr-5.57.0.tgz#4aee6fa45b792f0f57898bc556ff214a1c3457e3"
  integrity sha512-PIPnPN7MP3fp2VAi01BVXhCWmD366ZB2Hkq5TlYKtThd4KxUtMmaaNDpFgVCTXtSIqWVZLJntOHRvxg/sIPd8Q==
  dependencies:
    "@algolia/client-common" "5.57.0"

"@algolia/requester-fetch@5.57.0":
  version "5.57.0"
  resolved "https://registry.yarnpkg.com/@algolia/requester-fetch/-/requester-fetch-5.57.0.tgz#7715e53e330990343dad20577ad83d22aa32e60a"
  integrity sha512-AX3RlOudXMdTwtwUqdAf5hAVLvXfOZZH1FZh6ALDdrhVLT0TtAIe48N6nYcWcTnwoTxK/wDIQqZ19IMjK8zJAA==
  dependencies:
    "@algolia/client-common" "5.57.0"

"@algolia/requester-node-http@5.57.0":
  version "5.57.0"
  resolved "https://registry.yarnpkg.com/@algolia/requester-node-http/-/requester-node-http-5.57.0.tgz#fe979862e069f25fc99ddcdc8c5646abb5dba642"
  integrity sha512-cWZc1dKb7wy9/wPpwMtL1y89gK2G7y2A47Coa7zwf1ydtIeJm4+S+XxoQ2b/ZRiQnrC1YHavLjYUPDCdnT7Khg==
  dependencies:
    "@algolia/client-common" "5.57.0"

"@types/zen-observable@0.5.3":
  version "0.5.3"
  resolved "https://registry.yarnpkg.com/@types/zen-observable/-/zen-observable-0.5.3.tgz#91b728599544efbb7386d8b6633693a3c2e7ade5"

algoliasearch@5.57.0:
  version "5.57.0"
  resolved "https://registry.yarnpkg.com/algoliasearch/-/algoliasearch-5.57.0.tgz#79b103088c1addccb707bafcd8623827dd62c0cf"
  integrity sha512-HpND7MBGctOAkd1GoQoDZCGoCpqNTS5NG1LuhElFet3RdLJkwnyTYZXZhXwtpAQPrI36fqQ3eT6KQrdKDTKu3A==
  dependencies:
    "@algolia/abtesting" "1.23.0"
    "@algolia/client-abtesting" "5.57.0"
    "@algolia/client-analytics" "5.57.0"
    "@algolia/client-common" "5.57.0"
    "@algolia/client-insights" "5.57.0"
    "@algolia/client-personalization" "5.57.0"
    "@algolia/client-query-suggestions" "5.57.0"
    "@algolia/client-search" "5.57.0"
    "@algolia/ingestion" "1.57.0"
    "@algolia/monitoring" "1.57.0"
    "@algolia/recommend" "5.57.0"
    "@algolia/requester-browser-xhr" "5.57.0"
    "@algolia/requester-fetch" "5.57.0"
    "@algolia/requester-node-http" "5.57.0"

apollo-fetch@^0.6.0:
  version "0.6.0"
  resolved "https://registry.yarnpkg.com/apollo-fetch/-/apollo-fetch-0.6.0.tgz#aae9b28c117af344b091ec8ba4d1a5aa0474dc5d"
  dependencies:
    isomorphic-fetch "^2.2.1"

apollo-link-http@^0.7.0:
  version "0.7.0"
  resolved "https://registry.yarnpkg.com/apollo-link-http/-/apollo-link-http-0.7.0.tgz#cf75e9e2537d785deefff2cd1ae2ff0dc1c88300"
  dependencies:
    apollo-fetch "^0.6.0"
    graphql "^0.11.0"

apollo-link@^0.7.0:
  version "0.7.0"
  resolved "https://registry.yarnpkg.com/apollo-link/-/apollo-link-0.7.0.tgz#a8f09069b31821c27285584264356b1b6e6be6f2"
  dependencies:
    apollo-utilities "^0.2.0-beta.0"
    graphql "^0.11.3"
    zen-observable-ts "^0.5.0"

apollo-link@^1.1.0:
  version "1.1.0"
  resolved "https://registry.yarnpkg.com/apollo-link/-/apollo-link-1.1.0.tgz#9d573b16387ee0d8e147b1f319e42c8c562f18f7"
  dependencies:
    "@types/zen-observable" "0.5.3"
    apollo-utilities "^1.0.0"
    zen-observable "^0.7.0"

apollo-utilities@^0.2.0-beta.0:
  version "0.2.0-rc.3"
  resolved "https://registry.yarnpkg.com/apollo-utilities/-/apollo-utilities-0.2.0-rc.3.tgz#7bd93be0f587f20c5b46e21880272e305759fdc2"

apollo-utilities@^1.0.0, apollo-utilities@^1.0.1:
  version "1.0.8"
  resolved "https://registry.yarnpkg.com/apollo-utilities/-/apollo-utilities-1.0.8.tgz#74d797d38953d2ba35e16f880326e2abcbc8b016"

charenc@~0.0.1:
  version "0.0.2"
  resolved "https://registry.yarnpkg.com/charenc/-/charenc-0.0.2.tgz#c0a1d2f3a7092e03774bfa83f14c0fc5790a8667"

cookie@0.3.1:
  version "0.3.1"
  resolved "https://registry.yarnpkg.com/cookie/-/cookie-0.3.1.tgz#e7e0a1f9ef43b4c8ba925c5c5a96e806d16873bb"

cross-fetch@1.1.1:
  version "1.1.1"
  resolved "https://registry.yarnpkg.com/cross-fetch/-/cross-fetch-1.1.1.tgz#dede6865ae30f37eae62ac90ebb7bdac002b05a0"
  dependencies:
    node-fetch "1.7.3"
    whatwg-fetch "2.0.3"

crypt@~0.0.1:
  version "0.0.2"
  resolved "https://registry.yarnpkg.com/crypt/-/crypt-0.0.2.tgz#88d7ff7ec0dfb86f713dc87bbb42d044d3e6c41b"

deprecated-decorator@^0.1.6:
  version "0.1.6"
  resolved "https://registry.yarnpkg.com/deprecated-decorator/-/deprecated-decorator-0.1.6.tgz#00966317b7a12fe92f3cc831f7583af329b86c37"

encoding@^0.1.11:
  version "0.1.12"
  resolved "https://registry.yarnpkg.com/encoding/-/encoding-0.1.12.tgz#538b66f3ee62cd1ab51ec323829d1f9480c74beb"
  dependencies:
    iconv-lite "~0.4.13"

graphcool-lib@0.1.4:
  version "0.1.4"
  resolved "https://registry.yarnpkg.com/graphcool-lib/-/graphcool-lib-0.1.4.tgz#0028b6d9b10dbf4d4f50c0d3ce4ccfcac18acaff"
  dependencies:
    apollo-link "^0.7.0"
    apollo-link-http "^0.7.0"
    graphql "^0.11.2"
    graphql-request "^1.3.4"
    graphql-tools "^2.4.0"
    node-fetch "^1.7.3"
    source-map-support "^0.4.17"

graphql-request@^1.3.4:
  version "1.4.1"
  resolved "https://registry.yarnpkg.com/graphql-request/-/graphql-request-1.4.1.tgz#0772743cfac8dfdd4d69d36106a96c9bdd191ce8"
  dependencies:
    cross-fetch "1.1.1"

graphql-tools@^2.4.0:
  version "2.21.0"
  resolved "https://registry.yarnpkg.com/graphql-tools/-/graphql-tools-2.21.0.tgz#c0d0fbda6f40a87c8d267a2989ade2ae8b9a288e"
  dependencies:
    apollo-link "^1.1.0"
    apollo-utilities "^1.0.1"
    deprecated-decorator "^0.1.6"
    iterall "^1.1.3"
    uuid "^3.1.0"

graphql@^0.11.0, graphql@^0.11.2, graphql@^0.11.3:
  version "0.11.7"
  resolved "https://registry.yarnpkg.com/graphql/-/graphql-0.11.7.tgz#e5abaa9cb7b7cccb84e9f0836bf4370d268750c6"
  dependencies:
    iterall "1.1.3"

iconv-lite@~0.4.13:
  version "0.4.19"
  resolved "https://registry.yarnpkg.com/iconv-lite/-/iconv-lite-0.4.19.tgz#f7468f60135f5e5dad3399c0a81be9a1603a082b"

imgix-core-js@1.1.1:
  version "1.1.1"
  resolved "https://registry.yarnpkg.com/imgix-core-js/-/imgix-core-js-1.1.1.tgz#892bc1659738878cacd4b8feb5dc9e9d91e9f837"
  dependencies:
    js-base64 "^2.1.9"
    md5 "^2.2.1"

is-blank@1.0.0:
  version "1.0.0"
  resolved "https://registry.yarnpkg.com/is-blank/-/is-blank-1.0.0.tgz#60e39beb41f92c3b27acbb5029cb0f29f983ee67"
  dependencies:
    is-empty "0.0.1"
    is-whitespace "^0.3.0"

is-buffer@~1.1.1:
  version "1.1.6"
  resolved "https://registry.yarnpkg.com/is-buffer/-/is-buffer-1.1.6.tgz#efaa2ea9daa0d7ab2ea13a97b2b8ad51fefbe8be"

is-empty@0.0.1:
  version "0.0.1"
  resolved "https://registry.yarnpkg.com/is-empty/-/is-empty-0.0.1.tgz#09fdc3d649dda5969156c0853a9b76bd781c5a33"

is-present@1.0.0:
  version "1.0.0"
  resolved "https://registry.yarnpkg.com/is-present/-/is-present-1.0.0.tgz#29c9b8e8e6e786a594c292fc7239aa24be70b80c"
  dependencies:
    is-blank "1.0.0"

is-stream@^1.0.1:
  version "1.1.0"
  resolved "https://registry.yarnpkg.com/is-stream/-/is-stream-1.1.0.tgz#12d4a3dd4e68e0b79ceb8dbc84173ae80d91ca44"

is-whitespace@^0.3.0:
  version "0.3.0"
  resolved "https://registry.yarnpkg.com/is-whitespace/-/is-whitespace-0.3.0.tgz#1639ecb1be036aec69a54cbb401cfbed7114ab7f"

isomorphic-fetch@^2.2.1:
  version "2.2.1"
  resolved "https://registry.yarnpkg.com/isomorphic-fetch/-/isomorphic-fetch-2.2.1.tgz#611ae1acf14f5e81f729507472819fe9733558a9"
  dependencies:
    node-fetch "^1.0.1"
    whatwg-fetch ">=0.10.0"

iterall@1.1.3:
  version "1.1.3"
  resolved "https://registry.yarnpkg.com/iterall/-/iterall-1.1.3.tgz#1cbbff96204056dde6656e2ed2e2226d0e6d72c9"

iterall@^1.1.3:
  version "1.2.0"
  resolved "https://registry.yarnpkg.com/iterall/-/iterall-1.2.0.tgz#434e9f41f0b99911ab9c3d49d95f0e079176a2a2"

js-base64@^2.1.9:
  version "2.4.3"
  resolved "https://registry.yarnpkg.com/js-base64/-/js-base64-2.4.3.tgz#2e545ec2b0f2957f41356510205214e98fad6582"

md5@^2.2.1:
  version "2.2.1"
  resolved "https://registry.yarnpkg.com/md5/-/md5-2.2.1.tgz#53ab38d5fe3c8891ba465329ea23fac0540126f9"
  dependencies:
    charenc "~0.0.1"
    crypt "~0.0.1"
    is-buffer "~1.1.1"

node-fetch@1.7.3, node-fetch@^1.0.1, node-fetch@^1.7.3:
  version "1.7.3"
  resolved "https://registry.yarnpkg.com/node-fetch/-/node-fetch-1.7.3.tgz#980f6f72d85211a5347c6b2bc18c5b84c3eb47ef"
  dependencies:
    encoding "^0.1.11"
    is-stream "^1.0.1"

p-queue@2.4.2:
  version "2.4.2"
  resolved "https://registry.yarnpkg.com/p-queue/-/p-queue-2.4.2.tgz#03609826682b743be9a22dba25051bd46724fc34"

raven@2.6.2:
  version "2.6.2"
  resolved "https://registry.yarnpkg.com/raven/-/raven-2.6.2.tgz#c92f30890e2dfcd15258d184e43e39326e58032e"
  dependencies:
    cookie "0.3.1"
    md5 "^2.2.1"
    stack-trace "0.0.10"
    timed-out "4.0.1"
    uuid "3.0.0"

source-map-support@^0.4.17:
  version "0.4.18"
  resolved "https://registry.yarnpkg.com/source-map-support/-/source-map-support-0.4.18.tgz#0286a6de8be42641338594e97ccea75f0a2c585f"
  dependencies:
    source-map "^0.5.6"

source-map@^0.5.6:
  version "0.5.7"
  resolved "https://registry.yarnpkg.com/source-map/-/source-map-0.5.7.tgz#8a039d2d1021d22d1ea14c80d8ea468ba2ef3fcc"

stack-trace@0.0.10:
  version "0.0.10"
  resolved "https://registry.yarnpkg.com/stack-trace/-/stack-trace-0.0.10.tgz#547c70b347e8d32b4e108ea1a2a159e5fdde19c0"

timed-out@4.0.1:
  version "4.0.1"
  resolved "https://registry.yarnpkg.com/timed-out/-/timed-out-4.0.1.tgz#f32eacac5a175bea25d7fab565ab3ed8741ef56f"

uuid@3.0.0:
  version "3.0.0"
  resolved "https://registry.yarnpkg.com/uuid/-/uuid-3.0.0.tgz#6728fc0459c450d796a99c31837569bdf672d728"

uuid@^3.1.0:
  version "3.2.1"
  resolved "https://registry.yarnpkg.com/uuid/-/uuid-3.2.1.tgz#12c528bb9d58d0b9265d9a2f6f0fe8be17ff1f14"

whatwg-fetch@2.0.3, whatwg-fetch@>=0.10.0:
  version "2.0.3"
  resolved "https://registry.yarnpkg.com/whatwg-fetch/-/whatwg-fetch-2.0.3.tgz#9c84ec2dcf68187ff00bc64e1274b442176e1c84"

zen-observable-ts@^0.5.0:
  version "0.5.0"
  resolved "https://registry.yarnpkg.com/zen-observable-ts/-/zen-observable-ts-0.5.0.tgz#c5021e7ac486fc281f6126d574673cfb6daf0069"

zen-observable@^0.7.0:
  version "0.7.1"
  resolved "https://registry.yarnpkg.com/zen-observable/-/zen-observable-0.7.1.tgz#f84075c0ee085594d3566e1d6454207f126411b3"
